{
  "requires": true,
  "lockfileVersion": 1,
  "dependencies": {
    "flux-standard-action": {
      "version": "0.6.1",
      "resolved": "https://registry.npmjs.org/flux-standard-action/-/flux-standard-action-0.6.1.tgz",
      "integrity": "sha512-CBd2tVQN1xvBz7i2ZMPP7XvMbZQCSl/Pz4a00JRQyipYlKNUwsHJctZW+dveCAxFySMvXlVJNevyfMOgT8Byvw==",
      "dev": true,
      "requires": {
        "lodash.isplainobject": "^3.2.0"
      }
    },
    "lodash._basefor": {
      "version": "3.0.3",
      "resolved": "https://registry.npmjs.org/lodash._basefor/-/lodash._basefor-3.0.3.tgz",
      "integrity": "sha512-6bc3b8grkpMgDcVJv9JYZAk/mHgcqMljzm7OsbmcE2FGUMmmLQTPHlh/dFqR8LA0GQ7z4K67JSotVKu5058v1A==",
      "dev": true
    },
    "lodash.isarguments": {
      "version": "3.1.0",
      "resolved": "https://registry.npmjs.org/lodash.isarguments/-/lodash.isarguments-3.1.0.tgz",
      "integrity": "sha512-chi4NHZlZqZD18a0imDHnZPrDeBbTtVN7GXMwuGdRH9qotxAjYs3aVLKc7zNOG9eddR5Ksd8rvFEBc9SsggPpg==",
      "dev": true
    },
    "lodash.isarray": {
      "version": "3.0.4",
      "resolved": "https://registry.npmjs.org/lodash.isarray/-/lodash.isarray-3.0.4.tgz",
      "integrity": "sha512-JwObCrNJuT0Nnbuecmqr5DgtuBppuCvGD9lxjFpAzwnVtdGoDQ1zig+5W8k5/6Gcn0gZ3936HDAlGd28i7sOGQ==",
      "dev": true
    },
    "lodash.isplainobject": {
      "version": "3.2.0",
      "resolved": "https://registry.npmjs.org/lodash.isplainobject/-/lodash.isplainobject-3.2.0.tgz",
      "integrity": "sha512-P4wZnho5curNqeEq/x292Pb57e1v+woR7DJ84DURelKB46lby8aDEGVobSaYtzHdQBWQrJSdxcCwjlGOvvdIyg==",
      "dev": true,
      "requires": {
        "lodash._basefor": "^3.0.0",
        "lodash.isarguments": "^3.0.0",
        "lodash.keysin": "^3.0.0"
      }
    },
    "lodash.keysin": {
      "version": "3.0.8",
      "resolved": "https://registry.npmjs.org/lodash.keysin/-/lodash.keysin-3.0.8.tgz",
      "integrity": "sha512-YDB/5xkL3fBKFMDaC+cfGV00pbiJ6XoJIfRmBhv7aR6wWtbCW6IzkiWnTfkiHTF6ALD7ff83dAtB3OEaSoyQPg==",
      "dev": true,
      "requires": {
        "lodash.isarguments": "^3.0.0",
        "lodash.isarray": "^3.0.0"
      }
    },
    "redux-promise": {
      "version": "0.5.3",
      "resolved": "https://registry.npmjs.org/redux-promise/-/redux-promise-0.5.3.tgz",
      "integrity": "sha512-rjZJnKCuhPZQKuHu9ZbYeeVvV2ftjemke6CGFVgeUmnqx1C58EEPM30RmSXfIcZjxzT7KNAJLD78t+7fsQaKow==",
      "dev": true,
      "requires": {
        "flux-standard-action": "^0.6.1"
      }
    }
  }
}
